
Microsoft Visual Studio Solution File, Format Version 12.00
# Visual Studio Version 17
VisualStudioVersion = 17.1.32210.238
MinimumVisualStudioVersion = 10.0.40219.1
Project("{FAE04EC0-301F-11D3-BF4B-00C04F79EFBC}") = "emre", "emre\emre.csproj", "{6257B233-99F3-44C8-B93B-6ABB283463D0}"
EndProject
Global
	GlobalSection(SolutionConfigurationPlatforms) = preSolution
		Debug|Any CPU = Debug|Any CPU
		Release|Any CPU = Release|Any CPU
	EndGlobalSection
	GlobalSection(ProjectConfigurationPlatforms) = postSolution
		{6257B233-99F3-44C8-B93B-6ABB283463D0}.Debug|Any CPU.ActiveCfg = Debug|Any CPU
		{6257B233-99F3-44C8-B93B-6ABB283463D0}.Debug|Any CPU.Build.0 = Debug|Any CPU
		{6257B233-99F3-44C8-B93B-6ABB283463D0}.Release|Any CPU.ActiveCfg = Release|Any CPU
		{6257B233-99F3-44C8-B93B-6ABB283463D0}.Release|Any CPU.Build.0 = Release|Any CPU
	EndGlobalSection
	GlobalSection(SolutionProperties) = preSolution
		HideSolutionNode = FALSE
	EndGlobalSection
	GlobalSection(ExtensibilityGlobals) = postSolution
		SolutionGuid = {95A92B78-FB03-4AF6-9C45-38342648C740}
	EndGlobalSection
EndGlobal
